
Microsoft Visual Studio Solution File, Format Version 12.00
# Visual Studio Version 17
VisualStudioVersion = 17.8.34316.72
MinimumVisualStudioVersion = 10.0.40219.1
Project("{FAE04EC0-301F-11D3-BF4B-00C04F79EFBC}") = "Solution.API.Movies", "Solution.API.Movies\Solution.API.Movies.csproj", "{944F3E72-E4FB-4BBD-A698-A08E130D223D}"
EndProject
Project("{FAE04EC0-301F-11D3-BF4B-00C04F79EFBC}") = "Solution.API.Wizard", "Solution.API.Wizard\Solution.API.Wizard.csproj", "{67BD24B5-4DA0-4E6A-9191-B35856F097BA}"
EndProject
Project("{FAE04EC0-301F-11D3-BF4B-00C04F79EFBC}") = "Solution.BS", "Solution.BS\Solution.BS.csproj", "{698650B0-5E5C-4828-8246-8BA880CEF5D3}"
EndProject
Project("{FAE04EC0-301F-11D3-BF4B-00C04F79EFBC}") = "Solution.DAL", "Solution.DAL\Solution.DAL.csproj", "{36AD8C05-F2A8-4046-877F-545DEF581FEF}"
EndProject
Project("{FAE04EC0-301F-11D3-BF4B-00C04F79EFBC}") = "Solution.DAL.EF", "Solution.DAL.EF\Solution.DAL.EF.csproj", "{6DEDAEBD-33ED-4BFD-9E71-9A6BA4B08CBA}"
EndProject
Project("{FAE04EC0-301F-11D3-BF4B-00C04F79EFBC}") = "Solution.DAL.Repository", "Solution.DAL.Repository\Solution.DAL.Repository.csproj", "{53C2CB3A-94E6-4EF6-B69B-DFAEB2F3FCD7}"
EndProject
Project("{FAE04EC0-301F-11D3-BF4B-00C04F79EFBC}") = "Solution.DO", "Solution.DO\Solution.DO.csproj", "{824700F9-5752-4CF7-8847-EFCFDB604F1F}"
EndProject
Global
	GlobalSection(SolutionConfigurationPlatforms) = preSolution
		Debug|Any CPU = Debug|Any CPU
		Release|Any CPU = Release|Any CPU
	EndGlobalSection
	GlobalSection(ProjectConfigurationPlatforms) = postSolution
		{944F3E72-E4FB-4BBD-A698-A08E130D223D}.Debug|Any CPU.ActiveCfg = Debug|Any CPU
		{944F3E72-E4FB-4BBD-A698-A08E130D223D}.Debug|Any CPU.Build.0 = Debug|Any CPU
		{944F3E72-E4FB-4BBD-A698-A08E130D223D}.Release|Any CPU.ActiveCfg = Release|Any CPU
		{944F3E72-E4FB-4BBD-A698-A08E130D223D}.Release|Any CPU.Build.0 = Release|Any CPU
		{67BD24B5-4DA0-4E6A-9191-B35856F097BA}.Debug|Any CPU.ActiveCfg = Debug|Any CPU
		{67BD24B5-4DA0-4E6A-9191-B35856F097BA}.Debug|Any CPU.Build.0 = Debug|Any CPU
		{67BD24B5-4DA0-4E6A-9191-B35856F097BA}.Release|Any CPU.ActiveCfg = Release|Any CPU
		{67BD24B5-4DA0-4E6A-9191-B35856F097BA}.Release|Any CPU.Build.0 = Release|Any CPU
		{698650B0-5E5C-4828-8246-8BA880CEF5D3}.Debug|Any CPU.ActiveCfg = Debug|Any CPU
		{698650B0-5E5C-4828-8246-8BA880CEF5D3}.Debug|Any CPU.Build.0 = Debug|Any CPU
		{698650B0-5E5C-4828-8246-8BA880CEF5D3}.Release|Any CPU.ActiveCfg = Release|Any CPU
		{698650B0-5E5C-4828-8246-8BA880CEF5D3}.Release|Any CPU.Build.0 = Release|Any CPU
		{36AD8C05-F2A8-4046-877F-545DEF581FEF}.Debug|Any CPU.ActiveCfg = Debug|Any CPU
		{36AD8C05-F2A8-4046-877F-545DEF581FEF}.Debug|Any CPU.Build.0 = Debug|Any CPU
		{36AD8C05-F2A8-4046-877F-545DEF581FEF}.Release|Any CPU.ActiveCfg = Release|Any CPU
		{36AD8C05-F2A8-4046-877F-545DEF581FEF}.Release|Any CPU.Build.0 = Release|Any CPU
		{6DEDAEBD-33ED-4BFD-9E71-9A6BA4B08CBA}.Debug|Any CPU.ActiveCfg = Debug|Any CPU
		{6DEDAEBD-33ED-4BFD-9E71-9A6BA4B08CBA}.Debug|Any CPU.Build.0 = Debug|Any CPU
		{6DEDAEBD-33ED-4BFD-9E71-9A6BA4B08CBA}.Release|Any CPU.ActiveCfg = Release|Any CPU
		{6DEDAEBD-33ED-4BFD-9E71-9A6BA4B08CBA}.Release|Any CPU.Build.0 = Release|Any CPU
		{53C2CB3A-94E6-4EF6-B69B-DFAEB2F3FCD7}.Debug|Any CPU.ActiveCfg = Debug|Any CPU
		{53C2CB3A-94E6-4EF6-B69B-DFAEB2F3FCD7}.Debug|Any CPU.Build.0 = Debug|Any CPU
		{53C2CB3A-94E6-4EF6-B69B-DFAEB2F3FCD7}.Release|Any CPU.ActiveCfg = Release|Any CPU
		{53C2CB3A-94E6-4EF6-B69B-DFAEB2F3FCD7}.Release|Any CPU.Build.0 = Release|Any CPU
		{824700F9-5752-4CF7-8847-EFCFDB604F1F}.Debug|Any CPU.ActiveCfg = Debug|Any CPU
		{824700F9-5752-4CF7-8847-EFCFDB604F1F}.Debug|Any CPU.Build.0 = Debug|Any CPU
		{824700F9-5752-4CF7-8847-EFCFDB604F1F}.Release|Any CPU.ActiveCfg = Release|Any CPU
		{824700F9-5752-4CF7-8847-EFCFDB604F1F}.Release|Any CPU.Build.0 = Release|Any CPU
	EndGlobalSection
	GlobalSection(SolutionProperties) = preSolution
		HideSolutionNode = FALSE
	EndGlobalSection
	GlobalSection(ExtensibilityGlobals) = postSolution
		SolutionGuid = {75F8DA73-F301-48A9-B490-4A89B5F77ACB}
	EndGlobalSection
EndGlobal
